
Microsoft Visual Studio Solution File, Format Version 12.00
# Visual Studio Version 17
VisualStudioVersion = 17.6.33723.286
MinimumVisualStudioVersion = 10.0.40219.1
Project("{8BC9CEB8-8B4A-11D0-8D11-00A0C91BC942}") = "Server", "Server\Server.vcxproj", "{C518CFE3-5E93-49A7-B68B-B6C82AEE1F00}"
EndProject
Project("{8BC9CEB8-8B4A-11D0-8D11-00A0C91BC942}") = "Client", "Client\Client.vcxproj", "{6B0C6748-FD6A-4FE0-80A4-7F775BEEEDA4}"
EndProject
Global
	GlobalSection(SolutionConfigurationPlatforms) = preSolution
		Debug|x64 = Debug|x64
		Debug|x86 = Debug|x86
		Release|x64 = Release|x64
		Release|x86 = Release|x86
	EndGlobalSection
	GlobalSection(ProjectConfigurationPlatforms) = postSolution
		{C518CFE3-5E93-49A7-B68B-B6C82AEE1F00}.Debug|x64.ActiveCfg = Debug|x64
		{C518CFE3-5E93-49A7-B68B-B6C82AEE1F00}.Debug|x64.Build.0 = Debug|x64
		{C518CFE3-5E93-49A7-B68B-B6C82AEE1F00}.Debug|x86.ActiveCfg = Debug|Win32
		{C518CFE3-5E93-49A7-B68B-B6C82AEE1F00}.Debug|x86.Build.0 = Debug|Win32
		{C518CFE3-5E93-49A7-B68B-B6C82AEE1F00}.Release|x64.ActiveCfg = Release|x64
		{C518CFE3-5E93-49A7-B68B-B6C82AEE1F00}.Release|x64.Build.0 = Release|x64
		{C518CFE3-5E93-49A7-B68B-B6C82AEE1F00}.Release|x86.ActiveCfg = Release|Win32
		{C518CFE3-5E93-49A7-B68B-B6C82AEE1F00}.Release|x86.Build.0 = Release|Win32
		{6B0C6748-FD6A-4FE0-80A4-7F775BEEEDA4}.Debug|x64.ActiveCfg = Debug|x64
		{6B0C6748-FD6A-4FE0-80A4-7F775BEEEDA4}.Debug|x64.Build.0 = Debug|x64
		{6B0C6748-FD6A-4FE0-80A4-7F775BEEEDA4}.Debug|x86.ActiveCfg = Debug|Win32
		{6B0C6748-FD6A-4FE0-80A4-7F775BEEEDA4}.Debug|x86.Build.0 = Debug|Win32
		{6B0C6748-FD6A-4FE0-80A4-7F775BEEEDA4}.Release|x64.ActiveCfg = Release|x64
		{6B0C6748-FD6A-4FE0-80A4-7F775BEEEDA4}.Release|x64.Build.0 = Release|x64
		{6B0C6748-FD6A-4FE0-80A4-7F775BEEEDA4}.Release|x86.ActiveCfg = Release|Win32
		{6B0C6748-FD6A-4FE0-80A4-7F775BEEEDA4}.Release|x86.Build.0 = Release|Win32
	EndGlobalSection
	GlobalSection(SolutionProperties) = preSolution
		HideSolutionNode = FALSE
	EndGlobalSection
	GlobalSection(ExtensibilityGlobals) = postSolution
		SolutionGuid = {55363F9D-1DB0-46B8-BA49-C92636154230}
	EndGlobalSection
EndGlobal
